
Microsoft Visual Studio Solution File, Format Version 12.00
# Visual Studio Version 17
VisualStudioVersion = 17.11.35327.3
MinimumVisualStudioVersion = 10.0.40219.1
Project("{FAE04EC0-301F-11D3-BF4B-00C04F79EFBC}") = "mydiv", "mydiv.csproj", "{5491FC8B-82CE-42C8-968C-E3ABBC2F928D}"
EndProject
Global
	GlobalSection(SolutionConfigurationPlatforms) = preSolution
		Debug|Any CPU = Debug|Any CPU
		Release|Any CPU = Release|Any CPU
	EndGlobalSection
	GlobalSection(ProjectConfigurationPlatforms) = postSolution
		{5491FC8B-82CE-42C8-968C-E3ABBC2F928D}.Debug|Any CPU.ActiveCfg = Debug|Any CPU
		{5491FC8B-82CE-42C8-968C-E3ABBC2F928D}.Debug|Any CPU.Build.0 = Debug|Any CPU
		{5491FC8B-82CE-42C8-968C-E3ABBC2F928D}.Release|Any CPU.ActiveCfg = Release|Any CPU
		{5491FC8B-82CE-42C8-968C-E3ABBC2F928D}.Release|Any CPU.Build.0 = Release|Any CPU
	EndGlobalSection
	GlobalSection(SolutionProperties) = preSolution
		HideSolutionNode = FALSE
	EndGlobalSection
	GlobalSection(ExtensibilityGlobals) = postSolution
		SolutionGuid = {74B11E5F-0DBE-4FFD-A53B-9CB404A68002}
	EndGlobalSection
EndGlobal
